
Microsoft Visual Studio Solution File, Format Version 12.00
# Visual Studio Version 17
VisualStudioVersion = 17.1.32319.34
MinimumVisualStudioVersion = 10.0.40219.1
Project("{FAE04EC0-301F-11D3-BF4B-00C04F79EFBC}") = "Assignment_3_Unit_Testing", "Assignment_3_Unit_Testing\Assignment_3_Unit_Testing.csproj", "{53906075-F703-4E66-ABEE-92549799A54B}"
EndProject
Global
	GlobalSection(SolutionConfigurationPlatforms) = preSolution
		Debug|Any CPU = Debug|Any CPU
		Release|Any CPU = Release|Any CPU
	EndGlobalSection
	GlobalSection(ProjectConfigurationPlatforms) = postSolution
		{53906075-F703-4E66-ABEE-92549799A54B}.Debug|Any CPU.ActiveCfg = Debug|Any CPU
		{53906075-F703-4E66-ABEE-92549799A54B}.Debug|Any CPU.Build.0 = Debug|Any CPU
		{53906075-F703-4E66-ABEE-92549799A54B}.Release|Any CPU.ActiveCfg = Release|Any CPU
		{53906075-F703-4E66-ABEE-92549799A54B}.Release|Any CPU.Build.0 = Release|Any CPU
	EndGlobalSection
	GlobalSection(SolutionProperties) = preSolution
		HideSolutionNode = FALSE
	EndGlobalSection
	GlobalSection(ExtensibilityGlobals) = postSolution
		SolutionGuid = {0C823EB8-CBBD-447B-8D65-BE6595D38090}
	EndGlobalSection
EndGlobal
